
Microsoft Visual Studio Solution File, Format Version 12.00
# Visual Studio 14
VisualStudioVersion = 14.0.24720.0
MinimumVisualStudioVersion = 10.0.40219.1
Project("{FAE04EC0-301F-11D3-BF4B-00C04F79EFBC}") = "ApiPOC.Droid", "ApiPOC\ApiPOC.Droid\ApiPOC.Droid.csproj", "{AA8EE4BD-8AA2-4ADE-A2C3-9C59A615A463}"
EndProject
Project("{FAE04EC0-301F-11D3-BF4B-00C04F79EFBC}") = "ApiPOC.iOS", "ApiPOC\ApiPOC.iOS\ApiPOC.iOS.csproj", "{892C983B-3268-4355-B694-20B1D46D071D}"
EndProject
Project("{FAE04EC0-301F-11D3-BF4B-00C04F79EFBC}") = "ApiPOC", "ApiPOC\ApiPOC\ApiPOC.csproj", "{9FD0DA9E-58BC-4F5C-B22A-C9581F2CB0CC}"
EndProject
Project("{D954291E-2A0B-460D-934E-DC6B0785DB48}") = "ApiPOC.Shared", "ApiPOC.Shared\ApiPOC.Shared.shproj", "{B126C09E-4B9E-482D-9C93-7875037B4F28}"
EndProject
Project("{2150E333-8FDC-42A3-9474-1A3956D46DE8}") = ".nuget", ".nuget", "{A3B27B5A-B93F-4278-AB52-CD8967078085}"
	ProjectSection(SolutionItems) = preProject
		.nuget\NuGet.Config = .nuget\NuGet.Config
		.nuget\NuGet.exe = .nuget\NuGet.exe
		.nuget\NuGet.targets = .nuget\NuGet.targets
	EndProjectSection
EndProject
Project("{FAE04EC0-301F-11D3-BF4B-00C04F79EFBC}") = "ApiPOCTddTests", "ApiPOCTddTests\ApiPOCTddTests.csproj", "{67F9D3A8-F71E-4428-913F-C37AE82CDB24}"
EndProject
Project("{FAE04EC0-301F-11D3-BF4B-00C04F79EFBC}") = "MyApi", "MyApi\MyApi.csproj", "{473E1716-1255-4265-BEC3-2001229D352F}"
EndProject
Global
	GlobalSection(SharedMSBuildProjectFiles) = preSolution
		ApiPOC.Shared\ApiPOC.Shared.projitems*{b126c09e-4b9e-482d-9c93-7875037b4f28}*SharedItemsImports = 13
		ApiPOC.Shared\ApiPOC.Shared.projitems*{892c983b-3268-4355-b694-20b1d46d071d}*SharedItemsImports = 4
		ApiPOC.Shared\ApiPOC.Shared.projitems*{9fd0da9e-58bc-4f5c-b22a-c9581f2cb0cc}*SharedItemsImports = 4
	EndGlobalSection
	GlobalSection(SolutionConfigurationPlatforms) = preSolution
		Ad-Hoc|Any CPU = Ad-Hoc|Any CPU
		Ad-Hoc|iPhone = Ad-Hoc|iPhone
		Ad-Hoc|iPhoneSimulator = Ad-Hoc|iPhoneSimulator
		Ad-Hoc|Mixed Platforms = Ad-Hoc|Mixed Platforms
		AppStore|Any CPU = AppStore|Any CPU
		AppStore|iPhone = AppStore|iPhone
		AppStore|iPhoneSimulator = AppStore|iPhoneSimulator
		AppStore|Mixed Platforms = AppStore|Mixed Platforms
		Debug|Any CPU = Debug|Any CPU
		Debug|iPhone = Debug|iPhone
		Debug|iPhoneSimulator = Debug|iPhoneSimulator
		Debug|Mixed Platforms = Debug|Mixed Platforms
		Release|Any CPU = Release|Any CPU
		Release|iPhone = Release|iPhone
		Release|iPhoneSimulator = Release|iPhoneSimulator
		Release|Mixed Platforms = Release|Mixed Platforms
	EndGlobalSection
	GlobalSection(ProjectConfigurationPlatforms) = postSolution
		{AA8EE4BD-8AA2-4ADE-A2C3-9C59A615A463}.Ad-Hoc|Any CPU.ActiveCfg = Release|Any CPU
		{AA8EE4BD-8AA2-4ADE-A2C3-9C59A615A463}.Ad-Hoc|Any CPU.Build.0 = Release|Any CPU
		{AA8EE4BD-8AA2-4ADE-A2C3-9C59A615A463}.Ad-Hoc|Any CPU.Deploy.0 = Release|Any CPU
		{AA8EE4BD-8AA2-4ADE-A2C3-9C59A615A463}.Ad-Hoc|iPhone.ActiveCfg = Release|Any CPU
		{AA8EE4BD-8AA2-4ADE-A2C3-9C59A615A463}.Ad-Hoc|iPhoneSimulator.ActiveCfg = Release|Any CPU
		{AA8EE4BD-8AA2-4ADE-A2C3-9C59A615A463}.Ad-Hoc|Mixed Platforms.ActiveCfg = Release|Any CPU
		{AA8EE4BD-8AA2-4ADE-A2C3-9C59A615A463}.Ad-Hoc|Mixed Platforms.Build.0 = Release|Any CPU
		{AA8EE4BD-8AA2-4ADE-A2C3-9C59A615A463}.Ad-Hoc|Mixed Platforms.Deploy.0 = Release|Any CPU
		{AA8EE4BD-8AA2-4ADE-A2C3-9C59A615A463}.AppStore|Any CPU.ActiveCfg = Release|Any CPU
		{AA8EE4BD-8AA2-4ADE-A2C3-9C59A615A463}.AppStore|Any CPU.Build.0 = Release|Any CPU
		{AA8EE4BD-8AA2-4ADE-A2C3-9C59A615A463}.AppStore|Any CPU.Deploy.0 = Release|Any CPU
		{AA8EE4BD-8AA2-4ADE-A2C3-9C59A615A463}.AppStore|iPhone.ActiveCfg = Release|Any CPU
		{AA8EE4BD-8AA2-4ADE-A2C3-9C59A615A463}.AppStore|iPhoneSimulator.ActiveCfg = Release|Any CPU
		{AA8EE4BD-8AA2-4ADE-A2C3-9C59A615A463}.AppStore|Mixed Platforms.ActiveCfg = Release|Any CPU
		{AA8EE4BD-8AA2-4ADE-A2C3-9C59A615A463}.AppStore|Mixed Platforms.Build.0 = Release|Any CPU
		{AA8EE4BD-8AA2-4ADE-A2C3-9C59A615A463}.AppStore|Mixed Platforms.Deploy.0 = Release|Any CPU
		{AA8EE4BD-8AA2-4ADE-A2C3-9C59A615A463}.Debug|Any CPU.ActiveCfg = Debug|Any CPU
		{AA8EE4BD-8AA2-4ADE-A2C3-9C59A615A463}.Debug|Any CPU.Build.0 = Debug|Any CPU
		{AA8EE4BD-8AA2-4ADE-A2C3-9C59A615A463}.Debug|Any CPU.Deploy.0 = Debug|Any CPU
		{AA8EE4BD-8AA2-4ADE-A2C3-9C59A615A463}.Debug|iPhone.ActiveCfg = Debug|Any CPU
		{AA8EE4BD-8AA2-4ADE-A2C3-9C59A615A463}.Debug|iPhoneSimulator.ActiveCfg = Debug|Any CPU
		{AA8EE4BD-8AA2-4ADE-A2C3-9C59A615A463}.Debug|Mixed Platforms.ActiveCfg = Debug|Any CPU
		{AA8EE4BD-8AA2-4ADE-A2C3-9C59A615A463}.Debug|Mixed Platforms.Build.0 = Debug|Any CPU
		{AA8EE4BD-8AA2-4ADE-A2C3-9C59A615A463}.Debug|Mixed Platforms.Deploy.0 = Debug|Any CPU
		{AA8EE4BD-8AA2-4ADE-A2C3-9C59A615A463}.Release|Any CPU.ActiveCfg = Release|Any CPU
		{AA8EE4BD-8AA2-4ADE-A2C3-9C59A615A463}.Release|Any CPU.Build.0 = Release|Any CPU
		{AA8EE4BD-8AA2-4ADE-A2C3-9C59A615A463}.Release|Any CPU.Deploy.0 = Release|Any CPU
		{AA8EE4BD-8AA2-4ADE-A2C3-9C59A615A463}.Release|iPhone.ActiveCfg = Release|Any CPU
		{AA8EE4BD-8AA2-4ADE-A2C3-9C59A615A463}.Release|iPhoneSimulator.ActiveCfg = Release|Any CPU
		{AA8EE4BD-8AA2-4ADE-A2C3-9C59A615A463}.Release|Mixed Platforms.ActiveCfg = Release|Any CPU
		{AA8EE4BD-8AA2-4ADE-A2C3-9C59A615A463}.Release|Mixed Platforms.Build.0 = Release|Any CPU
		{AA8EE4BD-8AA2-4ADE-A2C3-9C59A615A463}.Release|Mixed Platforms.Deploy.0 = Release|Any CPU
		{892C983B-3268-4355-B694-20B1D46D071D}.Ad-Hoc|Any CPU.ActiveCfg = Ad-Hoc|iPhone
		{892C983B-3268-4355-B694-20B1D46D071D}.Ad-Hoc|iPhone.ActiveCfg = Ad-Hoc|iPhone
		{892C983B-3268-4355-B694-20B1D46D071D}.Ad-Hoc|iPhone.Build.0 = Ad-Hoc|iPhone
		{892C983B-3268-4355-B694-20B1D46D071D}.Ad-Hoc|iPhoneSimulator.ActiveCfg = Ad-Hoc|iPhoneSimulator
		{892C983B-3268-4355-B694-20B1D46D071D}.Ad-Hoc|iPhoneSimulator.Build.0 = Ad-Hoc|iPhoneSimulator
		{892C983B-3268-4355-B694-20B1D46D071D}.Ad-Hoc|Mixed Platforms.ActiveCfg = Ad-Hoc|iPhone
		{892C983B-3268-4355-B694-20B1D46D071D}.Ad-Hoc|Mixed Platforms.Build.0 = Ad-Hoc|iPhone
		{892C983B-3268-4355-B694-20B1D46D071D}.AppStore|Any CPU.ActiveCfg = AppStore|iPhone
		{892C983B-3268-4355-B694-20B1D46D071D}.AppStore|iPhone.ActiveCfg = AppStore|iPhone
		{892C983B-3268-4355-B694-20B1D46D071D}.AppStore|iPhone.Build.0 = AppStore|iPhone
		{892C983B-3268-4355-B694-20B1D46D071D}.AppStore|iPhoneSimulator.ActiveCfg = AppStore|iPhoneSimulator
		{892C983B-3268-4355-B694-20B1D46D071D}.AppStore|iPhoneSimulator.Build.0 = AppStore|iPhoneSimulator
		{892C983B-3268-4355-B694-20B1D46D071D}.AppStore|Mixed Platforms.ActiveCfg = AppStore|iPhone
		{892C983B-3268-4355-B694-20B1D46D071D}.AppStore|Mixed Platforms.Build.0 = AppStore|iPhone
		{892C983B-3268-4355-B694-20B1D46D071D}.Debug|Any CPU.ActiveCfg = Debug|iPhone
		{892C983B-3268-4355-B694-20B1D46D071D}.Debug|iPhone.ActiveCfg = Debug|iPhone
		{892C983B-3268-4355-B694-20B1D46D071D}.Debug|iPhone.Build.0 = Debug|iPhone
		{892C983B-3268-4355-B694-20B1D46D071D}.Debug|iPhoneSimulator.ActiveCfg = Debug|iPhoneSimulator
		{892C983B-3268-4355-B694-20B1D46D071D}.Debug|iPhoneSimulator.Build.0 = Debug|iPhoneSimulator
		{892C983B-3268-4355-B694-20B1D46D071D}.Debug|Mixed Platforms.ActiveCfg = Debug|iPhone
		{892C983B-3268-4355-B694-20B1D46D071D}.Debug|Mixed Platforms.Build.0 = Debug|iPhone
		{892C983B-3268-4355-B694-20B1D46D071D}.Release|Any CPU.ActiveCfg = Release|iPhone
		{892C983B-3268-4355-B694-20B1D46D071D}.Release|iPhone.ActiveCfg = Release|iPhone
		{892C983B-3268-4355-B694-20B1D46D071D}.Release|iPhone.Build.0 = Release|iPhone
		{892C983B-3268-4355-B694-20B1D46D071D}.Release|iPhoneSimulator.ActiveCfg = Release|iPhoneSimulator
		{892C983B-3268-4355-B694-20B1D46D071D}.Release|iPhoneSimulator.Build.0 = Release|iPhoneSimulator
		{892C983B-3268-4355-B694-20B1D46D071D}.Release|Mixed Platforms.ActiveCfg = Release|iPhone
		{892C983B-3268-4355-B694-20B1D46D071D}.Release|Mixed Platforms.Build.0 = Release|iPhone
		{9FD0DA9E-58BC-4F5C-B22A-C9581F2CB0CC}.Ad-Hoc|Any CPU.ActiveCfg = Release|Any CPU
		{9FD0DA9E-58BC-4F5C-B22A-C9581F2CB0CC}.Ad-Hoc|Any CPU.Build.0 = Release|Any CPU
		{9FD0DA9E-58BC-4F5C-B22A-C9581F2CB0CC}.Ad-Hoc|iPhone.ActiveCfg = Release|Any CPU
		{9FD0DA9E-58BC-4F5C-B22A-C9581F2CB0CC}.Ad-Hoc|iPhone.Build.0 = Release|Any CPU
		{9FD0DA9E-58BC-4F5C-B22A-C9581F2CB0CC}.Ad-Hoc|iPhoneSimulator.ActiveCfg = Release|Any CPU
		{9FD0DA9E-58BC-4F5C-B22A-C9581F2CB0CC}.Ad-Hoc|iPhoneSimulator.Build.0 = Release|Any CPU
		{9FD0DA9E-58BC-4F5C-B22A-C9581F2CB0CC}.Ad-Hoc|Mixed Platforms.ActiveCfg = Release|Any CPU
		{9FD0DA9E-58BC-4F5C-B22A-C9581F2CB0CC}.Ad-Hoc|Mixed Platforms.Build.0 = Release|Any CPU
		{9FD0DA9E-58BC-4F5C-B22A-C9581F2CB0CC}.AppStore|Any CPU.ActiveCfg = Release|Any CPU
		{9FD0DA9E-58BC-4F5C-B22A-C9581F2CB0CC}.AppStore|Any CPU.Build.0 = Release|Any CPU
		{9FD0DA9E-58BC-4F5C-B22A-C9581F2CB0CC}.AppStore|iPhone.ActiveCfg = Release|Any CPU
		{9FD0DA9E-58BC-4F5C-B22A-C9581F2CB0CC}.AppStore|iPhone.Build.0 = Release|Any CPU
		{9FD0DA9E-58BC-4F5C-B22A-C9581F2CB0CC}.AppStore|iPhoneSimulator.ActiveCfg = Release|Any CPU
		{9FD0DA9E-58BC-4F5C-B22A-C9581F2CB0CC}.AppStore|iPhoneSimulator.Build.0 = Release|Any CPU
		{9FD0DA9E-58BC-4F5C-B22A-C9581F2CB0CC}.AppStore|Mixed Platforms.ActiveCfg = Release|Any CPU
		{9FD0DA9E-58BC-4F5C-B22A-C9581F2CB0CC}.AppStore|Mixed Platforms.Build.0 = Release|Any CPU
		{9FD0DA9E-58BC-4F5C-B22A-C9581F2CB0CC}.Debug|Any CPU.ActiveCfg = Debug|Any CPU
		{9FD0DA9E-58BC-4F5C-B22A-C9581F2CB0CC}.Debug|Any CPU.Build.0 = Debug|Any CPU
		{9FD0DA9E-58BC-4F5C-B22A-C9581F2CB0CC}.Debug|iPhone.ActiveCfg = Debug|Any CPU
		{9FD0DA9E-58BC-4F5C-B22A-C9581F2CB0CC}.Debug|iPhone.Build.0 = Debug|Any CPU
		{9FD0DA9E-58BC-4F5C-B22A-C9581F2CB0CC}.Debug|iPhoneSimulator.ActiveCfg = Debug|Any CPU
		{9FD0DA9E-58BC-4F5C-B22A-C9581F2CB0CC}.Debug|iPhoneSimulator.Build.0 = Debug|Any CPU
		{9FD0DA9E-58BC-4F5C-B22A-C9581F2CB0CC}.Debug|Mixed Platforms.ActiveCfg = Debug|Any CPU
		{9FD0DA9E-58BC-4F5C-B22A-C9581F2CB0CC}.Debug|Mixed Platforms.Build.0 = Debug|Any CPU
		{9FD0DA9E-58BC-4F5C-B22A-C9581F2CB0CC}.Release|Any CPU.ActiveCfg = Release|Any CPU
		{9FD0DA9E-58BC-4F5C-B22A-C9581F2CB0CC}.Release|Any CPU.Build.0 = Release|Any CPU
		{9FD0DA9E-58BC-4F5C-B22A-C9581F2CB0CC}.Release|iPhone.ActiveCfg = Release|Any CPU
		{9FD0DA9E-58BC-4F5C-B22A-C9581F2CB0CC}.Release|iPhone.Build.0 = Release|Any CPU
		{9FD0DA9E-58BC-4F5C-B22A-C9581F2CB0CC}.Release|iPhoneSimulator.ActiveCfg = Release|Any CPU
		{9FD0DA9E-58BC-4F5C-B22A-C9581F2CB0CC}.Release|iPhoneSimulator.Build.0 = Release|Any CPU
		{9FD0DA9E-58BC-4F5C-B22A-C9581F2CB0CC}.Release|Mixed Platforms.ActiveCfg = Release|Any CPU
		{9FD0DA9E-58BC-4F5C-B22A-C9581F2CB0CC}.Release|Mixed Platforms.Build.0 = Release|Any CPU
		{67F9D3A8-F71E-4428-913F-C37AE82CDB24}.Ad-Hoc|Any CPU.ActiveCfg = Release|Any CPU
		{67F9D3A8-F71E-4428-913F-C37AE82CDB24}.Ad-Hoc|Any CPU.Build.0 = Release|Any CPU
		{67F9D3A8-F71E-4428-913F-C37AE82CDB24}.Ad-Hoc|iPhone.ActiveCfg = Release|Any CPU
		{67F9D3A8-F71E-4428-913F-C37AE82CDB24}.Ad-Hoc|iPhone.Build.0 = Release|Any CPU
		{67F9D3A8-F71E-4428-913F-C37AE82CDB24}.Ad-Hoc|iPhoneSimulator.ActiveCfg = Release|Any CPU
		{67F9D3A8-F71E-4428-913F-C37AE82CDB24}.Ad-Hoc|iPhoneSimulator.Build.0 = Release|Any CPU
		{67F9D3A8-F71E-4428-913F-C37AE82CDB24}.Ad-Hoc|Mixed Platforms.ActiveCfg = Release|Any CPU
		{67F9D3A8-F71E-4428-913F-C37AE82CDB24}.Ad-Hoc|Mixed Platforms.Build.0 = Release|Any CPU
		{67F9D3A8-F71E-4428-913F-C37AE82CDB24}.AppStore|Any CPU.ActiveCfg = Release|Any CPU
		{67F9D3A8-F71E-4428-913F-C37AE82CDB24}.AppStore|Any CPU.Build.0 = Release|Any CPU
		{67F9D3A8-F71E-4428-913F-C37AE82CDB24}.AppStore|iPhone.ActiveCfg = Release|Any CPU
		{67F9D3A8-F71E-4428-913F-C37AE82CDB24}.AppStore|iPhone.Build.0 = Release|Any CPU
		{67F9D3A8-F71E-4428-913F-C37AE82CDB24}.AppStore|iPhoneSimulator.ActiveCfg = Release|Any CPU
		{67F9D3A8-F71E-4428-913F-C37AE82CDB24}.AppStore|iPhoneSimulator.Build.0 = Release|Any CPU
		{67F9D3A8-F71E-4428-913F-C37AE82CDB24}.AppStore|Mixed Platforms.ActiveCfg = Release|Any CPU
		{67F9D3A8-F71E-4428-913F-C37AE82CDB24}.AppStore|Mixed Platforms.Build.0 = Release|Any CPU
		{67F9D3A8-F71E-4428-913F-C37AE82CDB24}.Debug|Any CPU.ActiveCfg = Debug|Any CPU
		{67F9D3A8-F71E-4428-913F-C37AE82CDB24}.Debug|Any CPU.Build.0 = Debug|Any CPU
		{67F9D3A8-F71E-4428-913F-C37AE82CDB24}.Debug|iPhone.ActiveCfg = Debug|Any CPU
		{67F9D3A8-F71E-4428-913F-C37AE82CDB24}.Debug|iPhone.Build.0 = Debug|Any CPU
		{67F9D3A8-F71E-4428-913F-C37AE82CDB24}.Debug|iPhoneSimulator.ActiveCfg = Debug|Any CPU
		{67F9D3A8-F71E-4428-913F-C37AE82CDB24}.Debug|iPhoneSimulator.Build.0 = Debug|Any CPU
		{67F9D3A8-F71E-4428-913F-C37AE82CDB24}.Debug|Mixed Platforms.ActiveCfg = Debug|Any CPU
		{67F9D3A8-F71E-4428-913F-C37AE82CDB24}.Debug|Mixed Platforms.Build.0 = Debug|Any CPU
		{67F9D3A8-F71E-4428-913F-C37AE82CDB24}.Release|Any CPU.ActiveCfg = Release|Any CPU
		{67F9D3A8-F71E-4428-913F-C37AE82CDB24}.Release|Any CPU.Build.0 = Release|Any CPU
		{67F9D3A8-F71E-4428-913F-C37AE82CDB24}.Release|iPhone.ActiveCfg = Release|Any CPU
		{67F9D3A8-F71E-4428-913F-C37AE82CDB24}.Release|iPhone.Build.0 = Release|Any CPU
		{67F9D3A8-F71E-4428-913F-C37AE82CDB24}.Release|iPhoneSimulator.ActiveCfg = Release|Any CPU
		{67F9D3A8-F71E-4428-913F-C37AE82CDB24}.Release|iPhoneSimulator.Build.0 = Release|Any CPU
		{67F9D3A8-F71E-4428-913F-C37AE82CDB24}.Release|Mixed Platforms.ActiveCfg = Release|Any CPU
		{67F9D3A8-F71E-4428-913F-C37AE82CDB24}.Release|Mixed Platforms.Build.0 = Release|Any CPU
		{473E1716-1255-4265-BEC3-2001229D352F}.Ad-Hoc|Any CPU.ActiveCfg = Release|Any CPU
		{473E1716-1255-4265-BEC3-2001229D352F}.Ad-Hoc|Any CPU.Build.0 = Release|Any CPU
		{473E1716-1255-4265-BEC3-2001229D352F}.Ad-Hoc|iPhone.ActiveCfg = Release|Any CPU
		{473E1716-1255-4265-BEC3-2001229D352F}.Ad-Hoc|iPhoneSimulator.ActiveCfg = Release|Any CPU
		{473E1716-1255-4265-BEC3-2001229D352F}.Ad-Hoc|Mixed Platforms.ActiveCfg = Release|Any CPU
		{473E1716-1255-4265-BEC3-2001229D352F}.Ad-Hoc|Mixed Platforms.Build.0 = Release|Any CPU
		{473E1716-1255-4265-BEC3-2001229D352F}.AppStore|Any CPU.ActiveCfg = Release|Any CPU
		{473E1716-1255-4265-BEC3-2001229D352F}.AppStore|Any CPU.Build.0 = Release|Any CPU
		{473E1716-1255-4265-BEC3-2001229D352F}.AppStore|iPhone.ActiveCfg = Release|Any CPU
		{473E1716-1255-4265-BEC3-2001229D352F}.AppStore|iPhoneSimulator.ActiveCfg = Release|Any CPU
		{473E1716-1255-4265-BEC3-2001229D352F}.AppStore|Mixed Platforms.ActiveCfg = Release|Any CPU
		{473E1716-1255-4265-BEC3-2001229D352F}.AppStore|Mixed Platforms.Build.0 = Release|Any CPU
		{473E1716-1255-4265-BEC3-2001229D352F}.Debug|Any CPU.ActiveCfg = Debug|Any CPU
		{473E1716-1255-4265-BEC3-2001229D352F}.Debug|Any CPU.Build.0 = Debug|Any CPU
		{473E1716-1255-4265-BEC3-2001229D352F}.Debug|iPhone.ActiveCfg = Debug|Any CPU
		{473E1716-1255-4265-BEC3-2001229D352F}.Debug|iPhoneSimulator.ActiveCfg = Debug|Any CPU
		{473E1716-1255-4265-BEC3-2001229D352F}.Debug|Mixed Platforms.ActiveCfg = Debug|Any CPU
		{473E1716-1255-4265-BEC3-2001229D352F}.Debug|Mixed Platforms.Build.0 = Debug|Any CPU
		{473E1716-1255-4265-BEC3-2001229D352F}.Release|Any CPU.ActiveCfg = Release|Any CPU
		{473E1716-1255-4265-BEC3-2001229D352F}.Release|Any CPU.Build.0 = Release|Any CPU
		{473E1716-1255-4265-BEC3-2001229D352F}.Release|iPhone.ActiveCfg = Release|Any CPU
		{473E1716-1255-4265-BEC3-2001229D352F}.Release|iPhoneSimulator.ActiveCfg = Release|Any CPU
		{473E1716-1255-4265-BEC3-2001229D352F}.Release|Mixed Platforms.ActiveCfg = Release|Any CPU
		{473E1716-1255-4265-BEC3-2001229D352F}.Release|Mixed Platforms.Build.0 = Release|Any CPU
	EndGlobalSection
	GlobalSection(SolutionProperties) = preSolution
		HideSolutionNode = FALSE
	EndGlobalSection
EndGlobal
